
Microsoft Visual Studio Solution File, Format Version 12.00
# Visual Studio 15
VisualStudioVersion = 15.0.28307.421
MinimumVisualStudioVersion = 10.0.40219.1
Project("{FAE04EC0-301F-11D3-BF4B-00C04F79EFBC}") = "DataApp", "DataApp\DataApp.csproj", "{83F30004-DA38-45E1-8A78-87E7C28DDD0B}"
EndProject
Global
	GlobalSection(SolutionConfigurationPlatforms) = preSolution
		Debug|Any CPU = Debug|Any CPU
		Release|Any CPU = Release|Any CPU
	EndGlobalSection
	GlobalSection(ProjectConfigurationPlatforms) = postSolution
		{83F30004-DA38-45E1-8A78-87E7C28DDD0B}.Debug|Any CPU.ActiveCfg = Debug|Any CPU
		{83F30004-DA38-45E1-8A78-87E7C28DDD0B}.Debug|Any CPU.Build.0 = Debug|Any CPU
		{83F30004-DA38-45E1-8A78-87E7C28DDD0B}.Release|Any CPU.ActiveCfg = Release|Any CPU
		{83F30004-DA38-45E1-8A78-87E7C28DDD0B}.Release|Any CPU.Build.0 = Release|Any CPU
	EndGlobalSection
	GlobalSection(SolutionProperties) = preSolution
		HideSolutionNode = FALSE
	EndGlobalSection
	GlobalSection(ExtensibilityGlobals) = postSolution
		SolutionGuid = {09D814D5-1E98-41BF-AA9C-19897DFA1EDF}
	EndGlobalSection
EndGlobal
